Microsoft Visual Studio Solution File, Format Version 10.00
# Visual Studio 2008
Project("{D183A3D8-5FD8-494B-B014-37F57B35E655}") = "Test", "Test.dtproj", "{D5BDBC46-CEAF-4C92-8335-31450B76914F}"
EndProject
Global
        GlobalSection(SolutionConfigurationPlatforms) = preSolution
                SolutionConfigurationName|SolutionPlatformName = SolutionConfigurationName|SolutionPlatformName
        EndGlobalSection
        GlobalSection(ProjectConfigurationPlatforms) = postSolution
                {D5BDBC46-CEAF-4C92-8335-31450B76914F}.SolutionConfigurationName|SolutionPlatformName.ActiveCfg = ProjectConfigurationName
                {D5BDBC46-CEAF-4C92-8335-31450B76914F}.SolutionConfigurationName|SolutionPlatformName.Build.0 = ProjectConfigurationName
        EndGlobalSection
EndGlobal