<Solution>
  <Configurations>
    <Platform Name="Any CPU" />
    <Platform Name="x64" />
    <Platform Name="x86" />
  </Configurations>
  <Folder Name="/Solution Items/">
    <File Path=".editorconfig" />
  </Folder>
  <Project Path="SlnParser.Tests/SlnParser.Tests.csproj" />
  <Project Path="SlnParser/SlnParser.csproj" />
</Solution>
