
Microsoft Visual Studio Solution File, Format Version 12.00
# Visual Studio Version 17
VisualStudioVersion = 17.0.31410.414
MinimumVisualStudioVersion = 10.0.40219.1
Project("{9A19103F-16F7-4668-BE54-9A1E7A4F7556}") = "SlnParser", "SlnParser\SlnParser.csproj", "{EDC2B9FC-02D0-4541-8484-CAB27B00252D}"
EndProject
Project("{2150E333-8FDC-42A3-9474-1A3956D46DE8}") = "Solution Items", "Solution Items", "{6D0A7ECB-8812-42C3-8CB4-3DD2C8296591}"
	ProjectSection(SolutionItems) = preProject
		.editorconfig = .editorconfig
		..\.github\workflows\build.yml = ..\.github\workflows\build.yml
		..\.github\workflows\release.yml = ..\.github\workflows\release.yml
	EndProjectSection
EndProject
Project("{9A19103F-16F7-4668-BE54-9A1E7A4F7556}") = "SlnParser.Tests", "SlnParser.Tests\SlnParser.Tests.csproj", "{BB52A27D-766E-4ECD-B888-BD86405134C1}"
EndProject
Project("{9A19103F-16F7-4668-BE54-9A1E7A4F7556}") = "SlnParser.Build", "..\build\SlnParser.Build.csproj", "{8E20F4E9-009A-45D3-9CD8-328CFDC2778C}"
EndProject
Global
	GlobalSection(SolutionConfigurationPlatforms) = preSolution
		Debug|Any CPU = Debug|Any CPU
		Debug|x64 = Debug|x64
		Debug|x86 = Debug|x86
		Release|Any CPU = Release|Any CPU
		Release|x64 = Release|x64
		Release|x86 = Release|x86
	EndGlobalSection
	GlobalSection(ProjectConfigurationPlatforms) = postSolution
		{EDC2B9FC-02D0-4541-8484-CAB27B00252D}.Debug|Any CPU.ActiveCfg = Debug|Any CPU
		{EDC2B9FC-02D0-4541-8484-CAB27B00252D}.Debug|Any CPU.Build.0 = Debug|Any CPU
		{EDC2B9FC-02D0-4541-8484-CAB27B00252D}.Debug|x64.ActiveCfg = Debug|Any CPU
		{EDC2B9FC-02D0-4541-8484-CAB27B00252D}.Debug|x64.Build.0 = Debug|Any CPU
		{EDC2B9FC-02D0-4541-8484-CAB27B00252D}.Debug|x86.ActiveCfg = Debug|Any CPU
		{EDC2B9FC-02D0-4541-8484-CAB27B00252D}.Debug|x86.Build.0 = Debug|Any CPU
		{EDC2B9FC-02D0-4541-8484-CAB27B00252D}.Release|Any CPU.ActiveCfg = Release|Any CPU
		{EDC2B9FC-02D0-4541-8484-CAB27B00252D}.Release|Any CPU.Build.0 = Release|Any CPU
		{EDC2B9FC-02D0-4541-8484-CAB27B00252D}.Release|x64.ActiveCfg = Release|Any CPU
		{EDC2B9FC-02D0-4541-8484-CAB27B00252D}.Release|x64.Build.0 = Release|Any CPU
		{EDC2B9FC-02D0-4541-8484-CAB27B00252D}.Release|x86.ActiveCfg = Release|Any CPU
		{EDC2B9FC-02D0-4541-8484-CAB27B00252D}.Release|x86.Build.0 = Release|Any CPU
		{BB52A27D-766E-4ECD-B888-BD86405134C1}.Debug|Any CPU.ActiveCfg = Debug|Any CPU
		{BB52A27D-766E-4ECD-B888-BD86405134C1}.Debug|Any CPU.Build.0 = Debug|Any CPU
		{BB52A27D-766E-4ECD-B888-BD86405134C1}.Debug|x64.ActiveCfg = Debug|Any CPU
		{BB52A27D-766E-4ECD-B888-BD86405134C1}.Debug|x64.Build.0 = Debug|Any CPU
		{BB52A27D-766E-4ECD-B888-BD86405134C1}.Debug|x86.ActiveCfg = Debug|Any CPU
		{BB52A27D-766E-4ECD-B888-BD86405134C1}.Debug|x86.Build.0 = Debug|Any CPU
		{BB52A27D-766E-4ECD-B888-BD86405134C1}.Release|Any CPU.ActiveCfg = Release|Any CPU
		{BB52A27D-766E-4ECD-B888-BD86405134C1}.Release|Any CPU.Build.0 = Release|Any CPU
		{BB52A27D-766E-4ECD-B888-BD86405134C1}.Release|x64.ActiveCfg = Release|Any CPU
		{BB52A27D-766E-4ECD-B888-BD86405134C1}.Release|x64.Build.0 = Release|Any CPU
		{BB52A27D-766E-4ECD-B888-BD86405134C1}.Release|x86.ActiveCfg = Release|Any CPU
		{BB52A27D-766E-4ECD-B888-BD86405134C1}.Release|x86.Build.0 = Release|Any CPU
		{8E20F4E9-009A-45D3-9CD8-328CFDC2778C}.Debug|Any CPU.ActiveCfg = Debug|Any CPU
		{8E20F4E9-009A-45D3-9CD8-328CFDC2778C}.Debug|Any CPU.Build.0 = Debug|Any CPU
		{8E20F4E9-009A-45D3-9CD8-328CFDC2778C}.Debug|x64.ActiveCfg = Debug|Any CPU
		{8E20F4E9-009A-45D3-9CD8-328CFDC2778C}.Debug|x64.Build.0 = Debug|Any CPU
		{8E20F4E9-009A-45D3-9CD8-328CFDC2778C}.Debug|x86.ActiveCfg = Debug|Any CPU
		{8E20F4E9-009A-45D3-9CD8-328CFDC2778C}.Debug|x86.Build.0 = Debug|Any CPU
		{8E20F4E9-009A-45D3-9CD8-328CFDC2778C}.Release|Any CPU.ActiveCfg = Release|Any CPU
		{8E20F4E9-009A-45D3-9CD8-328CFDC2778C}.Release|Any CPU.Build.0 = Release|Any CPU
		{8E20F4E9-009A-45D3-9CD8-328CFDC2778C}.Release|x64.ActiveCfg = Release|Any CPU
		{8E20F4E9-009A-45D3-9CD8-328CFDC2778C}.Release|x64.Build.0 = Release|Any CPU
		{8E20F4E9-009A-45D3-9CD8-328CFDC2778C}.Release|x86.ActiveCfg = Release|Any CPU
		{8E20F4E9-009A-45D3-9CD8-328CFDC2778C}.Release|x86.Build.0 = Release|Any CPU
	EndGlobalSection
	GlobalSection(SolutionProperties) = preSolution
		HideSolutionNode = FALSE
	EndGlobalSection
	GlobalSection(ExtensibilityGlobals) = postSolution
		SolutionGuid = {7F92F20E-4C3D-4316-BF60-105559EFEAFF}
	EndGlobalSection
EndGlobal
